
Microsoft Visual Studio Solution File, Format Version 12.00
# Visual Studio Version 17
VisualStudioVersion = 17.8.34322.80
MinimumVisualStudioVersion = 10.0.40219.1
Project("{FAE04EC0-301F-11D3-BF4B-00C04F79EFBC}") = "TwilioDotnetExample", "TwilioDotnetExample\TwilioDotnetExample.csproj", "{A9BE6023-F65A-4697-959D-1EA1B8C8EC97}"
EndProject
Global
	GlobalSection(SolutionConfigurationPlatforms) = preSolution
		Debug|Any CPU = Debug|Any CPU
		Release|Any CPU = Release|Any CPU
	EndGlobalSection
	GlobalSection(ProjectConfigurationPlatforms) = postSolution
		{A9BE6023-F65A-4697-959D-1EA1B8C8EC97}.Debug|Any CPU.ActiveCfg = Debug|Any CPU
		{A9BE6023-F65A-4697-959D-1EA1B8C8EC97}.Debug|Any CPU.Build.0 = Debug|Any CPU
		{A9BE6023-F65A-4697-959D-1EA1B8C8EC97}.Release|Any CPU.ActiveCfg = Release|Any CPU
		{A9BE6023-F65A-4697-959D-1EA1B8C8EC97}.Release|Any CPU.Build.0 = Release|Any CPU
	EndGlobalSection
	GlobalSection(SolutionProperties) = preSolution
		HideSolutionNode = FALSE
	EndGlobalSection
	GlobalSection(ExtensibilityGlobals) = postSolution
		SolutionGuid = {0955EF2A-CB7A-4061-BB63-21E46DFE08D3}
	EndGlobalSection
EndGlobal
